{
  "name": "commonjs",
  "version": "1.0.0",
  "lockfileVersion": 2,
  "requires": true,
  "packages": {
    "": {
      "version": "1.0.0",
      "license": "ISC",
      "dependencies": {
        "date-and-time-helpers2": "^1.0.1"
      }
    },
    "node_modules/date-and-time-helpers2": {
      "version": "1.0.1",
      "resolved": "https://registry.npmjs.org/date-and-time-helpers2/-/date-and-time-helpers2-1.0.1.tgz",
      "integrity": "sha512-1OiE+STI8JKEnF48F8O7IHYXiBEp4S8c69SR8gQAQMAqXsEqe/RxYcjPKJPIrAJjkJUzIPxXryQtzYONvHOCQw=="
    }
  },
  "dependencies": {
    "date-and-time-helpers2": {
      "version": "1.0.1",
      "resolved": "https://registry.npmjs.org/date-and-time-helpers2/-/date-and-time-helpers2-1.0.1.tgz",
      "integrity": "sha512-1OiE+STI8JKEnF48F8O7IHYXiBEp4S8c69SR8gQAQMAqXsEqe/RxYcjPKJPIrAJjkJUzIPxXryQtzYONvHOCQw=="
    }
  }
}
